
Microsoft Visual Studio Solution File, Format Version 12.00
# Visual Studio Version 17
VisualStudioVersion = 17.3.32819.101
MinimumVisualStudioVersion = 10.0.40219.1
Project("{FAE04EC0-301F-11D3-BF4B-00C04F79EFBC}") = "WpfApp5", "WpfApp5\WpfApp5.csproj", "{1C103C57-627F-42F4-A8BF-CA6A71A72E06}"
EndProject
Global
	GlobalSection(SolutionConfigurationPlatforms) = preSolution
		Debug|Any CPU = Debug|Any CPU
		Release|Any CPU = Release|Any CPU
	EndGlobalSection
	GlobalSection(ProjectConfigurationPlatforms) = postSolution
		{1C103C57-627F-42F4-A8BF-CA6A71A72E06}.Debug|Any CPU.ActiveCfg = Debug|Any CPU
		{1C103C57-627F-42F4-A8BF-CA6A71A72E06}.Debug|Any CPU.Build.0 = Debug|Any CPU
		{1C103C57-627F-42F4-A8BF-CA6A71A72E06}.Release|Any CPU.ActiveCfg = Release|Any CPU
		{1C103C57-627F-42F4-A8BF-CA6A71A72E06}.Release|Any CPU.Build.0 = Release|Any CPU
	EndGlobalSection
	GlobalSection(SolutionProperties) = preSolution
		HideSolutionNode = FALSE
	EndGlobalSection
	GlobalSection(ExtensibilityGlobals) = postSolution
		SolutionGuid = {1CE8DD15-77E4-4A58-9AD4-31E67FE593B2}
	EndGlobalSection
EndGlobal
